
Microsoft Visual Studio Solution File, Format Version 12.00
# Visual Studio Version 17
VisualStudioVersion = 17.13.35825.156
MinimumVisualStudioVersion = 10.0.40219.1
Project("{FAE04EC0-301F-11D3-BF4B-00C04F79EFBC}") = "TangerineAutomationSystem", "TangerineAutomationSystem\TangerineAutomationSystem.csproj", "{3D9F0798-D596-4326-BE56-C05DEEF59278}"
EndProject
Project("{FAE04EC0-301F-11D3-BF4B-00C04F79EFBC}") = "Tangerine.Framework", "Tangerine.Framework\Tangerine.Framework.csproj", "{C447C045-3827-4A40-AB9E-6FCD2D900A27}"
EndProject
Project("{FAE04EC0-301F-11D3-BF4B-00C04F79EFBC}") = "Tangerine.H5uModule", "Tangerine.H5uModule\Tangerine.H5uModule.csproj", "{7C9392DE-A111-4103-A550-4F60D5837BE1}"
EndProject
Project("{FAE04EC0-301F-11D3-BF4B-00C04F79EFBC}") = "CodeGenerationTask", "CodeGenerationTask\CodeGenerationTask.csproj", "{48F1B037-C5F3-CF7D-BEA5-09344891BAB4}"
EndProject
Project("{FAE04EC0-301F-11D3-BF4B-00C04F79EFBC}") = "QStandaedPlatform.Engine", "ConsoleApp1\QStandaedPlatform.Engine.csproj", "{D1CB7731-5FBB-DB24-91DC-92400FEBEE99}"
EndProject
Project("{FAE04EC0-301F-11D3-BF4B-00C04F79EFBC}") = "ConsoleApp2", "ConsoleApp2\ConsoleApp2.csproj", "{0BF52C80-90A9-AAB8-50BD-54373B8B4D6F}"
EndProject
Project("{FAE04EC0-301F-11D3-BF4B-00C04F79EFBC}") = "Demo", "Demo\Demo.csproj", "{D1CCB24F-A868-F185-9228-8CC249247C79}"
EndProject
Project("{FAE04EC0-301F-11D3-BF4B-00C04F79EFBC}") = "Equipment.Bqjx.StandardPlatformSystem", "Equipment.Bqjx.StandardPlatformSystem\Equipment.Bqjx.StandardPlatformSystem.csproj", "{3C5C2FA1-5263-8369-9C90-8E828344524F}"
EndProject
Project("{FAE04EC0-301F-11D3-BF4B-00C04F79EFBC}") = "ICSharpCode.AvalonEdit", "ICSharpCode.AvalonEdit\ICSharpCode.AvalonEdit.csproj", "{2583F9A8-E2ED-AAF8-7581-E3AAF161E234}"
EndProject
Project("{FAE04EC0-301F-11D3-BF4B-00C04F79EFBC}") = "Nodify", "Nodify\Nodify.csproj", "{58178DD8-55D9-D21C-02FB-5BD92140B3CB}"
EndProject
Project("{FAE04EC0-301F-11D3-BF4B-00C04F79EFBC}") = "System.Foundation.Modules", "System.Foundation.Modules\System.Foundation.Modules.csproj", "{BBA87C7B-9F02-4957-879F-7AD4A3F87C0B}"
EndProject
Project("{FAE04EC0-301F-11D3-BF4B-00C04F79EFBC}") = "System.Foundation.TangerineProject", "System.Foundation.TangerineProject\System.Foundation.TangerineProject.csproj", "{174EC748-803F-EF60-5746-B19D9886E2F3}"
EndProject
Project("{FAE04EC0-301F-11D3-BF4B-00C04F79EFBC}") = "Tangerine.Grpc.Foundation", "Tangerine.Grpc.Foundation\Tangerine.Grpc.Foundation.csproj", "{159D2AF2-F7FC-2753-2D35-746A206570E7}"
EndProject
Project("{FAE04EC0-301F-11D3-BF4B-00C04F79EFBC}") = "Tangerine.Grpc.Protos", "Tangerine.Grpc.Protos\Tangerine.Grpc.Protos.csproj", "{4641E741-31E0-71D0-7720-634C2E0ECDB6}"
EndProject
Global
	GlobalSection(SolutionConfigurationPlatforms) = preSolution
		Debug|Any CPU = Debug|Any CPU
		Release|Any CPU = Release|Any CPU
	EndGlobalSection
	GlobalSection(ProjectConfigurationPlatforms) = postSolution
		{3D9F0798-D596-4326-BE56-C05DEEF59278}.Debug|Any CPU.ActiveCfg = Debug|Any CPU
		{3D9F0798-D596-4326-BE56-C05DEEF59278}.Debug|Any CPU.Build.0 = Debug|Any CPU
		{3D9F0798-D596-4326-BE56-C05DEEF59278}.Release|Any CPU.ActiveCfg = Release|Any CPU
		{3D9F0798-D596-4326-BE56-C05DEEF59278}.Release|Any CPU.Build.0 = Release|Any CPU
		{C447C045-3827-4A40-AB9E-6FCD2D900A27}.Debug|Any CPU.ActiveCfg = Debug|Any CPU
		{C447C045-3827-4A40-AB9E-6FCD2D900A27}.Debug|Any CPU.Build.0 = Debug|Any CPU
		{C447C045-3827-4A40-AB9E-6FCD2D900A27}.Release|Any CPU.ActiveCfg = Release|Any CPU
		{C447C045-3827-4A40-AB9E-6FCD2D900A27}.Release|Any CPU.Build.0 = Release|Any CPU
		{7C9392DE-A111-4103-A550-4F60D5837BE1}.Debug|Any CPU.ActiveCfg = Debug|Any CPU
		{7C9392DE-A111-4103-A550-4F60D5837BE1}.Debug|Any CPU.Build.0 = Debug|Any CPU
		{7C9392DE-A111-4103-A550-4F60D5837BE1}.Release|Any CPU.ActiveCfg = Release|Any CPU
		{7C9392DE-A111-4103-A550-4F60D5837BE1}.Release|Any CPU.Build.0 = Release|Any CPU
		{48F1B037-C5F3-CF7D-BEA5-09344891BAB4}.Debug|Any CPU.ActiveCfg = Debug|Any CPU
		{48F1B037-C5F3-CF7D-BEA5-09344891BAB4}.Debug|Any CPU.Build.0 = Debug|Any CPU
		{48F1B037-C5F3-CF7D-BEA5-09344891BAB4}.Release|Any CPU.ActiveCfg = Release|Any CPU
		{48F1B037-C5F3-CF7D-BEA5-09344891BAB4}.Release|Any CPU.Build.0 = Release|Any CPU
		{D1CB7731-5FBB-DB24-91DC-92400FEBEE99}.Debug|Any CPU.ActiveCfg = Debug|Any CPU
		{D1CB7731-5FBB-DB24-91DC-92400FEBEE99}.Debug|Any CPU.Build.0 = Debug|Any CPU
		{D1CB7731-5FBB-DB24-91DC-92400FEBEE99}.Release|Any CPU.ActiveCfg = Release|Any CPU
		{D1CB7731-5FBB-DB24-91DC-92400FEBEE99}.Release|Any CPU.Build.0 = Release|Any CPU
		{0BF52C80-90A9-AAB8-50BD-54373B8B4D6F}.Debug|Any CPU.ActiveCfg = Debug|Any CPU
		{0BF52C80-90A9-AAB8-50BD-54373B8B4D6F}.Debug|Any CPU.Build.0 = Debug|Any CPU
		{0BF52C80-90A9-AAB8-50BD-54373B8B4D6F}.Release|Any CPU.ActiveCfg = Release|Any CPU
		{0BF52C80-90A9-AAB8-50BD-54373B8B4D6F}.Release|Any CPU.Build.0 = Release|Any CPU
		{D1CCB24F-A868-F185-9228-8CC249247C79}.Debug|Any CPU.ActiveCfg = Debug|Any CPU
		{D1CCB24F-A868-F185-9228-8CC249247C79}.Debug|Any CPU.Build.0 = Debug|Any CPU
		{D1CCB24F-A868-F185-9228-8CC249247C79}.Release|Any CPU.ActiveCfg = Release|Any CPU
		{D1CCB24F-A868-F185-9228-8CC249247C79}.Release|Any CPU.Build.0 = Release|Any CPU
		{3C5C2FA1-5263-8369-9C90-8E828344524F}.Debug|Any CPU.ActiveCfg = Debug|Any CPU
		{3C5C2FA1-5263-8369-9C90-8E828344524F}.Debug|Any CPU.Build.0 = Debug|Any CPU
		{3C5C2FA1-5263-8369-9C90-8E828344524F}.Release|Any CPU.ActiveCfg = Release|Any CPU
		{3C5C2FA1-5263-8369-9C90-8E828344524F}.Release|Any CPU.Build.0 = Release|Any CPU
		{2583F9A8-E2ED-AAF8-7581-E3AAF161E234}.Debug|Any CPU.ActiveCfg = Debug|Any CPU
		{2583F9A8-E2ED-AAF8-7581-E3AAF161E234}.Debug|Any CPU.Build.0 = Debug|Any CPU
		{2583F9A8-E2ED-AAF8-7581-E3AAF161E234}.Release|Any CPU.ActiveCfg = Release|Any CPU
		{2583F9A8-E2ED-AAF8-7581-E3AAF161E234}.Release|Any CPU.Build.0 = Release|Any CPU
		{58178DD8-55D9-D21C-02FB-5BD92140B3CB}.Debug|Any CPU.ActiveCfg = Debug|Any CPU
		{58178DD8-55D9-D21C-02FB-5BD92140B3CB}.Debug|Any CPU.Build.0 = Debug|Any CPU
		{58178DD8-55D9-D21C-02FB-5BD92140B3CB}.Release|Any CPU.ActiveCfg = Release|Any CPU
		{58178DD8-55D9-D21C-02FB-5BD92140B3CB}.Release|Any CPU.Build.0 = Release|Any CPU
		{BBA87C7B-9F02-4957-879F-7AD4A3F87C0B}.Debug|Any CPU.ActiveCfg = Debug|Any CPU
		{BBA87C7B-9F02-4957-879F-7AD4A3F87C0B}.Debug|Any CPU.Build.0 = Debug|Any CPU
		{BBA87C7B-9F02-4957-879F-7AD4A3F87C0B}.Release|Any CPU.ActiveCfg = Release|Any CPU
		{BBA87C7B-9F02-4957-879F-7AD4A3F87C0B}.Release|Any CPU.Build.0 = Release|Any CPU
		{174EC748-803F-EF60-5746-B19D9886E2F3}.Debug|Any CPU.ActiveCfg = Debug|Any CPU
		{174EC748-803F-EF60-5746-B19D9886E2F3}.Debug|Any CPU.Build.0 = Debug|Any CPU
		{174EC748-803F-EF60-5746-B19D9886E2F3}.Release|Any CPU.ActiveCfg = Release|Any CPU
		{174EC748-803F-EF60-5746-B19D9886E2F3}.Release|Any CPU.Build.0 = Release|Any CPU
		{159D2AF2-F7FC-2753-2D35-746A206570E7}.Debug|Any CPU.ActiveCfg = Debug|Any CPU
		{159D2AF2-F7FC-2753-2D35-746A206570E7}.Debug|Any CPU.Build.0 = Debug|Any CPU
		{159D2AF2-F7FC-2753-2D35-746A206570E7}.Release|Any CPU.ActiveCfg = Release|Any CPU
		{159D2AF2-F7FC-2753-2D35-746A206570E7}.Release|Any CPU.Build.0 = Release|Any CPU
		{4641E741-31E0-71D0-7720-634C2E0ECDB6}.Debug|Any CPU.ActiveCfg = Debug|Any CPU
		{4641E741-31E0-71D0-7720-634C2E0ECDB6}.Debug|Any CPU.Build.0 = Debug|Any CPU
		{4641E741-31E0-71D0-7720-634C2E0ECDB6}.Release|Any CPU.ActiveCfg = Release|Any CPU
		{4641E741-31E0-71D0-7720-634C2E0ECDB6}.Release|Any CPU.Build.0 = Release|Any CPU
	EndGlobalSection
	GlobalSection(SolutionProperties) = preSolution
		HideSolutionNode = FALSE
	EndGlobalSection
	GlobalSection(ExtensibilityGlobals) = postSolution
		SolutionGuid = {75808755-38A5-4C9F-8E44-05BF0503193D}
	EndGlobalSection
EndGlobal
